
Microsoft Visual Studio Solution File, Format Version 12.00
# Visual Studio Version 16
VisualStudioVersion = 16.0.31605.320
MinimumVisualStudioVersion = 10.0.40219.1
Project("{FAE04EC0-301F-11D3-BF4B-00C04F79EFBC}") = "NTFY.AutoRater", "NTFY.AutoRater\NTFY.AutoRater.csproj", "{A28296F1-1BC5-4BD8-9FA0-672D44EA69BF}"
EndProject
Global
	GlobalSection(SolutionConfigurationPlatforms) = preSolution
		Debug|Any CPU = Debug|Any CPU
		Release|Any CPU = Release|Any CPU
	EndGlobalSection
	GlobalSection(ProjectConfigurationPlatforms) = postSolution
		{A28296F1-1BC5-4BD8-9FA0-672D44EA69BF}.Debug|Any CPU.ActiveCfg = Debug|Any CPU
		{A28296F1-1BC5-4BD8-9FA0-672D44EA69BF}.Debug|Any CPU.Build.0 = Debug|Any CPU
		{A28296F1-1BC5-4BD8-9FA0-672D44EA69BF}.Release|Any CPU.ActiveCfg = Release|Any CPU
		{A28296F1-1BC5-4BD8-9FA0-672D44EA69BF}.Release|Any CPU.Build.0 = Release|Any CPU
	EndGlobalSection
	GlobalSection(SolutionProperties) = preSolution
		HideSolutionNode = FALSE
	EndGlobalSection
	GlobalSection(ExtensibilityGlobals) = postSolution
		SolutionGuid = {007A7B39-5BA1-4214-A79E-521D928155B0}
	EndGlobalSection
EndGlobal
